// !$*UTF8*$!
{
	archiveVersion = 1;
	classes = {
	};
	objectVersion = 50;
	objects = {

/* Begin PBXBuildFile section */
		8F7D7E32229678BA00BEC1C2 /* AppDelegate.swift in Sources */ = {isa = PBXBuildFile; fileRef = 8F7D7E31229678BA00BEC1C2 /* AppDelegate.swift */; };
		8F7D7E34229678BA00BEC1C2 /* ViewController.swift in Sources */ = {isa = PBXBuildFile; fileRef = 8F7D7E33229678BA00BEC1C2 /* ViewController.swift */; };
		8F7D7E37229678BA00BEC1C2 /* Main.storyboard in Resources */ = {isa = PBXBuildFile; fileRef = 8F7D7E35229678BA00BEC1C2 /* Main.storyboard */; };
		8F7D7E39229678BD00BEC1C2 /* Assets.xcassets in Resources */ = {isa = PBXBuildFile; fileRef = 8F7D7E38229678BD00BEC1C2 /* Assets.xcassets */; };
		8F7D7E3C229678BD00BEC1C2 /* LaunchScreen.storyboard in Resources */ = {isa = PBXBuildFile; fileRef = 8F7D7E3A229678BD00BEC1C2 /* LaunchScreen.storyboard */; };
		8F7D7E4622967FB200BEC1C2 /* CollectionViewCell.swift in Sources */ = {isa = PBXBuildFile; fileRef = 8F7D7E4422967FB200BEC1C2 /* CollectionViewCell.swift */; };
		8F7D7E4722967FB200BEC1C2 /* CollectionViewCell.xib in Resources */ = {isa = PBXBuildFile; fileRef = 8F7D7E4522967FB200BEC1C2 /* CollectionViewCell.xib */; };
		8F7D7E4F2296D03800BEC1C2 /* PagingLayout.swift in Sources */ = {isa = PBXBuildFile; fileRef = 8F7D7E4E2296D03800BEC1C2 /* PagingLayout.swift */; };
/* End PBXBuildFile section */

/* Begin PBXFileReference section */
		8F7D7E2E229678BA00BEC1C2 /* PagingCollectionView.app */ = {isa = PBXFileReference; explicitFileType = wrapper.application; includeInIndex = 0; path = PagingCollectionView.app; sourceTree = BUILT_PRODUCTS_DIR; };
		8F7D7E31229678BA00BEC1C2 /* AppDelegate.swift */ = {isa = PBXFileReference; lastKnownFileType = sourcecode.swift; path = AppDelegate.swift; sourceTree = "<group>"; };
		8F7D7E33229678BA00BEC1C2 /* ViewController.swift */ = {isa = PBXFileReference; lastKnownFileType = sourcecode.swift; path = ViewController.swift; sourceTree = "<group>"; };
		8F7D7E36229678BA00BEC1C2 /* Base */ = {isa = PBXFileReference; lastKnownFileType = file.storyboard; name = Base; path = Base.lproj/Main.storyboard; sourceTree = "<group>"; };
		8F7D7E38229678BD00BEC1C2 /* Assets.xcassets */ = {isa = PBXFileReference; lastKnownFileType = folder.assetcatalog; path = Assets.xcassets; sourceTree = "<group>"; };
		8F7D7E3B229678BD00BEC1C2 /* Base */ = {isa = PBXFileReference; lastKnownFileType = file.storyboard; name = Base; path = Base.lproj/LaunchScreen.storyboard; sourceTree = "<group>"; };
		8F7D7E3D229678BD00BEC1C2 /* Info.plist */ = {isa = PBXFileReference; lastKnownFileType = text.plist.xml; path = Info.plist; sourceTree = "<group>"; };
		8F7D7E4422967FB200BEC1C2 /* CollectionViewCell.swift */ = {isa = PBXFileReference; lastKnownFileType = sourcecode.swift; path = CollectionViewCell.swift; sourceTree = "<group>"; };
		8F7D7E4522967FB200BEC1C2 /* CollectionViewCell.xib */ = {isa = PBXFileReference; lastKnownFileType = file.xib; path = CollectionViewCell.xib; sourceTree = "<group>"; };
		8F7D7E4E2296D03800BEC1C2 /* PagingLayout.swift */ = {isa = PBXFileReference; lastKnownFileType = sourcecode.swift; path = PagingLayout.swift; sourceTree = "<group>"; };
/* End PBXFileReference section */

/* Begin PBXFrameworksBuildPhase section */
		8F7D7E2B229678BA00BEC1C2 /* Frameworks */ = {
			isa = PBXFrameworksBuildPhase;
			buildActionMask = 2147483647;
			files = (
			);
			runOnlyForDeploymentPostprocessing = 0;
		};
/* End PBXFrameworksBuildPhase section */

/* Begin PBXGroup section */
		8F7D7E25229678BA00BEC1C2 = {
			isa = PBXGroup;
			children = (
				8F7D7E30229678BA00BEC1C2 /* PagingCollectionView */,
				8F7D7E2F229678BA00BEC1C2 /* Products */,
			);
			sourceTree = "<group>";
		};
		8F7D7E2F229678BA00BEC1C2 /* Products */ = {
			isa = PBXGroup;
			children = (
				8F7D7E2E229678BA00BEC1C2 /* PagingCollectionView.app */,
			);
			name = Products;
			sourceTree = "<group>";
		};
		8F7D7E30229678BA00BEC1C2 /* PagingCollectionView */ = {
			isa = PBXGroup;
			children = (
				8F7D7E4322967F9700BEC1C2 /* PagingCollectionView */,
				8F7D7E31229678BA00BEC1C2 /* AppDelegate.swift */,
				8F7D7E33229678BA00BEC1C2 /* ViewController.swift */,
				8F7D7E35229678BA00BEC1C2 /* Main.storyboard */,
				8F7D7E38229678BD00BEC1C2 /* Assets.xcassets */,
				8F7D7E3A229678BD00BEC1C2 /* LaunchScreen.storyboard */,
				8F7D7E3D229678BD00BEC1C2 /* Info.plist */,
			);
			path = PagingCollectionView;
			sourceTree = "<group>";
		};
		8F7D7E4322967F9700BEC1C2 /* PagingCollectionView */ = {
			isa = PBXGroup;
			children = (
				8F7D7E4E2296D03800BEC1C2 /* PagingLayout.swift */,
				8F7D7E4422967FB200BEC1C2 /* CollectionViewCell.swift */,
				8F7D7E4522967FB200BEC1C2 /* CollectionViewCell.xib */,
			);
			path = PagingCollectionView;
			sourceTree = "<group>";
		};
/* End PBXGroup section */

/* Begin PBXNativeTarget section */
		8F7D7E2D229678BA00BEC1C2 /* PagingCollectionView */ = {
			isa = PBXNativeTarget;
			buildConfigurationList = 8F7D7E40229678BD00BEC1C2 /* Build configuration list for PBXNativeTarget "PagingCollectionView" */;
			buildPhases = (
				8F7D7E2A229678BA00BEC1C2 /* Sources */,
				8F7D7E2B229678BA00BEC1C2 /* Frameworks */,
				8F7D7E2C229678BA00BEC1C2 /* Resources */,
			);
			buildRules = (
			);
			dependencies = (
			);
			name = PagingCollectionView;
			productName = PagingCollectionView;
			productReference = 8F7D7E2E229678BA00BEC1C2 /* PagingCollectionView.app */;
			productType = "com.apple.product-type.application";
		};
/* End PBXNativeTarget section */

/* Begin PBXProject section */
		8F7D7E26229678BA00BEC1C2 /* Project object */ = {
			isa = PBXProject;
			attributes = {
				LastSwiftUpdateCheck = 1020;
				LastUpgradeCheck = 1020;
				ORGANIZATIONNAME = Topws;
				TargetAttributes = {
					8F7D7E2D229678BA00BEC1C2 = {
						CreatedOnToolsVersion = 10.2.1;
					};
				};
			};
			buildConfigurationList = 8F7D7E29229678BA00BEC1C2 /* Build configuration list for PBXProject "PagingCollectionView" */;
			compatibilityVersion = "Xcode 9.3";
			developmentRegion = en;
			hasScannedForEncodings = 0;
			knownRegions = (
				en,
				Base,
			);
			mainGroup = 8F7D7E25229678BA00BEC1C2;
			productRefGroup = 8F7D7E2F229678BA00BEC1C2 /* Products */;
			projectDirPath = "";
			projectRoot = "";
			targets = (
				8F7D7E2D229678BA00BEC1C2 /* PagingCollectionView */,
			);
		};
/* End PBXProject section */

/* Begin PBXResourcesBuildPhase section */
		8F7D7E2C229678BA00BEC1C2 /* Resources */ = {
			isa = PBXResourcesBuildPhase;
			buildActionMask = 2147483647;
			files = (
				8F7D7E3C229678BD00BEC1C2 /* LaunchScreen.storyboard in Resources */,
				8F7D7E39229678BD00BEC1C2 /* Assets.xcassets in Resources */,
				8F7D7E4722967FB200BEC1C2 /* CollectionViewCell.xib in Resources */,
				8F7D7E37229678BA00BEC1C2 /* Main.storyboard in Resources */,
			);
			runOnlyForDeploymentPostprocessing = 0;
		};
/* End PBXResourcesBuildPhase section */

/* Begin PBXSourcesBuildPhase section */
		8F7D7E2A229678BA00BEC1C2 /* Sources */ = {
			isa = PBXSourcesBuildPhase;
			buildActionMask = 2147483647;
			files = (
				8F7D7E4F2296D03800BEC1C2 /* PagingLayout.swift in Sources */,
				8F7D7E34229678BA00BEC1C2 /* ViewController.swift in Sources */,
				8F7D7E32229678BA00BEC1C2 /* AppDelegate.swift in Sources */,
				8F7D7E4622967FB200BEC1C2 /* CollectionViewCell.swift in Sources */,
			);
			runOnlyForDeploymentPostprocessing = 0;
		};
/* End PBXSourcesBuildPhase section */

/* Begin PBXVariantGroup section */
		8F7D7E35229678BA00BEC1C2 /* Main.storyboard */ = {
			isa = PBXVariantGroup;
			children = (
				8F7D7E36229678BA00BEC1C2 /* Base */,
			);
			name = Main.storyboard;
			sourceTree = "<group>";
		};
		8F7D7E3A229678BD00BEC1C2 /* LaunchScreen.storyboard */ = {
			isa = PBXVariantGroup;
			children = (
				8F7D7E3B229678BD00BEC1C2 /* Base */,
			);
			name = LaunchScreen.storyboard;
			sourceTree = "<group>";
		};
/* End PBXVariantGroup section */

/* Begin XCBuildConfiguration section */
		8F7D7E3E229678BD00BEC1C2 /* Debug */ = {
			isa = XCBuildConfiguration;
			buildSettings = {
				ALWAYS_SEARCH_USER_PATHS = NO;
				CLANG_ANALYZER_NONNULL = YES;
				CLANG_ANALYZER_NUMBER_OBJECT_CONVERSION = YES_AGGRESSIVE;
				CLANG_CXX_LANGUAGE_STANDARD = "gnu++14";
				CLANG_CXX_LIBRARY = "libc++";
				CLANG_ENABLE_MODULES = YES;
				CLANG_ENABLE_OBJC_ARC = YES;
				CLANG_ENABLE_OBJC_WEAK = YES;
				CLANG_WARN_BLOCK_CAPTURE_AUTORELEASING = YES;
				CLANG_WARN_BOOL_CONVERSION = YES;
				CLANG_WARN_COMMA = YES;
				CLANG_WARN_CONSTANT_CONVERSION = YES;
				CLANG_WARN_DEPRECATED_OBJC_IMPLEMENTATIONS = YES;
				CLANG_WARN_DIRECT_OBJC_ISA_USAGE = YES_ERROR;
				CLANG_WARN_DOCUMENTATION_COMMENTS = YES;
				CLANG_WARN_EMPTY_BODY = YES;
				CLANG_WARN_ENUM_CONVERSION = YES;
				CLANG_WARN_INFINITE_RECURSION = YES;
				CLANG_WARN_INT_CONVERSION = YES;
				CLANG_WARN_NON_LITERAL_NULL_CONVERSION = YES;
				CLANG_WARN_OBJC_IMPLICIT_RETAIN_SELF = YES;
				CLANG_WARN_OBJC_LITERAL_CONVERSION = YES;
				CLANG_WARN_OBJC_ROOT_CLASS = YES_ERROR;
				CLANG_WARN_RANGE_LOOP_ANALYSIS = YES;
				CLANG_WARN_STRICT_PROTOTYPES = YES;
				CLANG_WARN_SUSPICIOUS_MOVE = YES;
				CLANG_WARN_UNGUARDED_AVAILABILITY = YES_AGGRESSIVE;
				CLANG_WARN_UNREACHABLE_CODE = YES;
				CLANG_WARN__DUPLICATE_METHOD_MATCH = YES;
				CODE_SIGN_IDENTITY = "iPhone Developer";
				COPY_PHASE_STRIP = NO;
				DEBUG_INFORMATION_FORMAT = dwarf;
				ENABLE_STRICT_OBJC_MSGSEND = YES;
				ENABLE_TESTABILITY = YES;
				GCC_C_LANGUAGE_STANDARD = gnu11;
				GCC_DYNAMIC_NO_PIC = NO;
				GCC_NO_COMMON_BLOCKS = YES;
				GCC_OPTIMIZATION_LEVEL = 0;
				GCC_PREPROCESSOR_DEFINITIONS = (
					"DEBUG=1",
					"$(inherited)",
				);
				GCC_WARN_64_TO_32_BIT_CONVERSION = YES;
				GCC_WARN_ABOUT_RETURN_TYPE = YES_ERROR;
				GCC_WARN_UNDECLARED_SELECTOR = YES;
				GCC_WARN_UNINITIALIZED_AUTOS = YES_AGGRESSIVE;
				GCC_WARN_UNUSED_FUNCTION = YES;
				GCC_WARN_UNUSED_VARIABLE = YES;
				IPHONEOS_DEPLOYMENT_TARGET = 12.2;
				MTL_ENABLE_DEBUG_INFO = INCLUDE_SOURCE;
				MTL_FAST_MATH = YES;
				ONLY_ACTIVE_ARCH = YES;
				SDKROOT = iphoneos;
				SWIFT_ACTIVE_COMPILATION_CONDITIONS = DEBUG;
				SWIFT_OPTIMIZATION_LEVEL = "-Onone";
			};
			name = Debug;
		};
		8F7D7E3F229678BD00BEC1C2 /* Release */ = {
			isa = XCBuildConfiguration;
			buildSettings = {
				ALWAYS_SEARCH_USER_PATHS = NO;
				CLANG_ANALYZER_NONNULL = YES;
				CLANG_ANALYZER_NUMBER_OBJECT_CONVERSION = YES_AGGRESSIVE;
				CLANG_CXX_LANGUAGE_STANDARD = "gnu++14";
				CLANG_CXX_LIBRARY = "libc++";
				CLANG_ENABLE_MODULES = YES;
				CLANG_ENABLE_OBJC_ARC = YES;
				CLANG_ENABLE_OBJC_WEAK = YES;
				CLANG_WARN_BLOCK_CAPTURE_AUTORELEASING = YES;
				CLANG_WARN_BOOL_CONVERSION = YES;
				CLANG_WARN_COMMA = YES;
				CLANG_WARN_CONSTANT_CONVERSION = YES;
				CLANG_WARN_DEPRECATED_OBJC_IMPLEMENTATIONS = YES;
				CLANG_WARN_DIRECT_OBJC_ISA_USAGE = YES_ERROR;
				CLANG_WARN_DOCUMENTATION_COMMENTS = YES;
				CLANG_WARN_EMPTY_BODY = YES;
				CLANG_WARN_ENUM_CONVERSION = YES;
				CLANG_WARN_INFINITE_RECURSION = YES;
				CLANG_WARN_INT_CONVERSION = YES;
				CLANG_WARN_NON_LITERAL_NULL_CONVERSION = YES;
				CLANG_WARN_OBJC_IMPLICIT_RETAIN_SELF = YES;
				CLANG_WARN_OBJC_LITERAL_CONVERSION = YES;
				CLANG_WARN_OBJC_ROOT_CLASS = YES_ERROR;
				CLANG_WARN_RANGE_LOOP_ANALYSIS = YES;
				CLANG_WARN_STRICT_PROTOTYPES = YES;
				CLANG_WARN_SUSPICIOUS_MOVE = YES;
				CLANG_WARN_UNGUARDED_AVAILABILITY = YES_AGGRESSIVE;
				CLANG_WARN_UNREACHABLE_CODE = YES;
				CLANG_WARN__DUPLICATE_METHOD_MATCH = YES;
				CODE_SIGN_IDENTITY = "iPhone Developer";
				COPY_PHASE_STRIP = NO;
				DEBUG_INFORMATION_FORMAT = "dwarf-with-dsym";
				ENABLE_NS_ASSERTIONS = NO;
				ENABLE_STRICT_OBJC_MSGSEND = YES;
				GCC_C_LANGUAGE_STANDARD = gnu11;
				GCC_NO_COMMON_BLOCKS = YES;
				GCC_WARN_64_TO_32_BIT_CONVERSION = YES;
				GCC_WARN_ABOUT_RETURN_TYPE = YES_ERROR;
				GCC_WARN_UNDECLARED_SELECTOR = YES;
				GCC_WARN_UNINITIALIZED_AUTOS = YES_AGGRESSIVE;
				GCC_WARN_UNUSED_FUNCTION = YES;
				GCC_WARN_UNUSED_VARIABLE = YES;
				IPHONEOS_DEPLOYMENT_TARGET = 12.2;
				MTL_ENABLE_DEBUG_INFO = NO;
				MTL_FAST_MATH = YES;
				SDKROOT = iphoneos;
				SWIFT_COMPILATION_MODE = wholemodule;
				SWIFT_OPTIMIZATION_LEVEL = "-O";
				VALIDATE_PRODUCT = YES;
			};
			name = Release;
		};
		8F7D7E41229678BD00BEC1C2 /* Debug */ = {
			isa = XCBuildConfiguration;
			buildSettings = {
				ASSETCATALOG_COMPILER_APPICON_NAME = AppIcon;
				CODE_SIGN_STYLE = Automatic;
				DEVELOPMENT_TEAM = FE8QNZJ7C9;
				INFOPLIST_FILE = PagingCollectionView/Info.plist;
				LD_RUNPATH_SEARCH_PATHS = (
					"$(inherited)",
					"@executable_path/Frameworks",
				);
				PRODUCT_BUNDLE_IDENTIFIER = com.dotcunited.PagingCollectionView;
				PRODUCT_NAME = "$(TARGET_NAME)";
				SWIFT_VERSION = 5.0;
				TARGETED_DEVICE_FAMILY = "1,2";
			};
			name = Debug;
		};
		8F7D7E42229678BD00BEC1C2 /* Release */ = {
			isa = XCBuildConfiguration;
			buildSettings = {
				ASSETCATALOG_COMPILER_APPICON_NAME = AppIcon;
				CODE_SIGN_STYLE = Automatic;
				DEVELOPMENT_TEAM = FE8QNZJ7C9;
				INFOPLIST_FILE = PagingCollectionView/Info.plist;
				LD_RUNPATH_SEARCH_PATHS = (
					"$(inherited)",
					"@executable_path/Frameworks",
				);
				PRODUCT_BUNDLE_IDENTIFIER = com.dotcunited.PagingCollectionView;
				PRODUCT_NAME = "$(TARGET_NAME)";
				SWIFT_VERSION = 5.0;
				TARGETED_DEVICE_FAMILY = "1,2";
			};
			name = Release;
		};
/* End XCBuildConfiguration section */

/* Begin XCConfigurationList section */
		8F7D7E29229678BA00BEC1C2 /* Build configuration list for PBXProject "PagingCollectionView" */ = {
			isa = XCConfigurationList;
			buildConfigurations = (
				8F7D7E3E229678BD00BEC1C2 /* Debug */,
				8F7D7E3F229678BD00BEC1C2 /* Release */,
			);
			defaultConfigurationIsVisible = 0;
			defaultConfigurationName = Release;
		};
		8F7D7E40229678BD00BEC1C2 /* Build configuration list for PBXNativeTarget "PagingCollectionView" */ = {
			isa = XCConfigurationList;
			buildConfigurations = (
				8F7D7E41229678BD00BEC1C2 /* Debug */,
				8F7D7E42229678BD00BEC1C2 /* Release */,
			);
			defaultConfigurationIsVisible = 0;
			defaultConfigurationName = Release;
		};
/* End XCConfigurationList section */
	};
	rootObject = 8F7D7E26229678BA00BEC1C2 /* Project object */;
}
